
Microsoft Visual Studio Solution File, Format Version 12.00
# Visual Studio Version 17
VisualStudioVersion = 17.8.34330.188
MinimumVisualStudioVersion = 10.0.40219.1
Project("{9A19103F-16F7-4668-BE54-9A1E7A4F7556}") = "FinanceManager.API", "FinanceManager.API\FinanceManager.API.csproj", "{DDF588DD-71E9-49D6-BEF7-BA969B48C693}"
EndProject
Project("{9A19103F-16F7-4668-BE54-9A1E7A4F7556}") = "FinanceManager.WPF", "FinanceManager.WPF\FinanceManager.WPF.csproj", "{80C1B2F6-C7B6-4F1C-8F8A-324D6DEEA3A7}"
EndProject
Project("{FAE04EC0-301F-11D3-BF4B-00C04F79EFBC}") = "FinanceManager.Shared", "FinanceManager.Shared\FinanceManager.Shared.csproj", "{16B59889-AF6E-47AA-82AF-F4DB4FD6B950}"
EndProject
Global
	GlobalSection(SolutionConfigurationPlatforms) = preSolution
		Debug|Any CPU = Debug|Any CPU
		Release|Any CPU = Release|Any CPU
	EndGlobalSection
	GlobalSection(ProjectConfigurationPlatforms) = postSolution
		{DDF588DD-71E9-49D6-BEF7-BA969B48C693}.Debug|Any CPU.ActiveCfg = Debug|Any CPU
		{DDF588DD-71E9-49D6-BEF7-BA969B48C693}.Debug|Any CPU.Build.0 = Debug|Any CPU
		{DDF588DD-71E9-49D6-BEF7-BA969B48C693}.Release|Any CPU.ActiveCfg = Release|Any CPU
		{DDF588DD-71E9-49D6-BEF7-BA969B48C693}.Release|Any CPU.Build.0 = Release|Any CPU
		{80C1B2F6-C7B6-4F1C-8F8A-324D6DEEA3A7}.Debug|Any CPU.ActiveCfg = Debug|Any CPU
		{80C1B2F6-C7B6-4F1C-8F8A-324D6DEEA3A7}.Debug|Any CPU.Build.0 = Debug|Any CPU
		{80C1B2F6-C7B6-4F1C-8F8A-324D6DEEA3A7}.Release|Any CPU.ActiveCfg = Release|Any CPU
		{80C1B2F6-C7B6-4F1C-8F8A-324D6DEEA3A7}.Release|Any CPU.Build.0 = Release|Any CPU
		{16B59889-AF6E-47AA-82AF-F4DB4FD6B950}.Debug|Any CPU.ActiveCfg = Debug|Any CPU
		{16B59889-AF6E-47AA-82AF-F4DB4FD6B950}.Debug|Any CPU.Build.0 = Debug|Any CPU
		{16B59889-AF6E-47AA-82AF-F4DB4FD6B950}.Release|Any CPU.ActiveCfg = Release|Any CPU
		{16B59889-AF6E-47AA-82AF-F4DB4FD6B950}.Release|Any CPU.Build.0 = Release|Any CPU
	EndGlobalSection
	GlobalSection(SolutionProperties) = preSolution
		HideSolutionNode = FALSE
	EndGlobalSection
	GlobalSection(ExtensibilityGlobals) = postSolution
		SolutionGuid = {0ED6B9EB-3559-4F01-8994-F4CCA291DDFB}
	EndGlobalSection
EndGlobal
